// !$*UTF8*$!
{
	archiveVersion = 1;
	classes = {
	};
	objectVersion = 56;
	objects = {

/* Begin PBXBuildFile section */
		290085C42C10C58E0097AC14 /* FlapDisplay in Frameworks */ = {isa = PBXBuildFile; productRef = 290085C32C10C58E0097AC14 /* FlapDisplay */; };
		291374022BF90A6300490279 /* FlipClockApp.swift in Sources */ = {isa = PBXBuildFile; fileRef = 291374012BF90A6300490279 /* FlipClockApp.swift */; };
		291374042BF90A6300490279 /* ContentView.swift in Sources */ = {isa = PBXBuildFile; fileRef = 291374032BF90A6300490279 /* ContentView.swift */; };
		291374062BF90A6400490279 /* Assets.xcassets in Resources */ = {isa = PBXBuildFile; fileRef = 291374052BF90A6400490279 /* Assets.xcassets */; };
		2913740A2BF90A6400490279 /* Preview Assets.xcassets in Resources */ = {isa = PBXBuildFile; fileRef = 291374092BF90A6400490279 /* Preview Assets.xcassets */; };
		299347232C159E090014F22A /* ClockView.swift in Sources */ = {isa = PBXBuildFile; fileRef = 299347222C159E090014F22A /* ClockView.swift */; };
		2BED6FF32C1A945A00878EAE /* Screen_SaverView.h in Headers */ = {isa = PBXBuildFile; fileRef = 2BED6FF22C1A945A00878EAE /* Screen_SaverView.h */; };
		2BED6FF52C1A945A00878EAE /* Screen_SaverView.m in Sources */ = {isa = PBXBuildFile; fileRef = 2BED6FF42C1A945A00878EAE /* Screen_SaverView.m */; };
/* End PBXBuildFile section */

/* Begin PBXFileReference section */
		290085C22C10C5870097AC14 /* FlapDisplay */ = {isa = PBXFileReference; lastKnownFileType = wrapper; path = FlapDisplay; sourceTree = "<group>"; };
		291373FE2BF90A6300490279 /* Flippy.app */ = {isa = PBXFileReference; explicitFileType = wrapper.application; includeInIndex = 0; path = Flippy.app; sourceTree = BUILT_PRODUCTS_DIR; };
		291374012BF90A6300490279 /* FlipClockApp.swift */ = {isa = PBXFileReference; lastKnownFileType = sourcecode.swift; path = FlipClockApp.swift; sourceTree = "<group>"; };
		291374032BF90A6300490279 /* ContentView.swift */ = {isa = PBXFileReference; lastKnownFileType = sourcecode.swift; path = ContentView.swift; sourceTree = "<group>"; };
		291374052BF90A6400490279 /* Assets.xcassets */ = {isa = PBXFileReference; lastKnownFileType = folder.assetcatalog; path = Assets.xcassets; sourceTree = "<group>"; };
		291374072BF90A6400490279 /* FlipClock.entitlements */ = {isa = PBXFileReference; lastKnownFileType = text.plist.entitlements; path = FlipClock.entitlements; sourceTree = "<group>"; };
		291374092BF90A6400490279 /* Preview Assets.xcassets */ = {isa = PBXFileReference; lastKnownFileType = folder.assetcatalog; path = "Preview Assets.xcassets"; sourceTree = "<group>"; };
		299347222C159E090014F22A /* ClockView.swift */ = {isa = PBXFileReference; lastKnownFileType = sourcecode.swift; path = ClockView.swift; sourceTree = "<group>"; };
		2BED6FF02C1A945A00878EAE /* Flippy.saver */ = {isa = PBXFileReference; explicitFileType = wrapper.cfbundle; includeInIndex = 0; path = Flippy.saver; sourceTree = BUILT_PRODUCTS_DIR; };
		2BED6FF22C1A945A00878EAE /* Screen_SaverView.h */ = {isa = PBXFileReference; lastKnownFileType = sourcecode.c.h; path = Screen_SaverView.h; sourceTree = "<group>"; };
		2BED6FF42C1A945A00878EAE /* Screen_SaverView.m */ = {isa = PBXFileReference; lastKnownFileType = sourcecode.c.objc; path = Screen_SaverView.m; sourceTree = "<group>"; };
/* End PBXFileReference section */

/* Begin PBXFrameworksBuildPhase section */
		291373FB2BF90A6300490279 /* Frameworks */ = {
			isa = PBXFrameworksBuildPhase;
			buildActionMask = 2147483647;
			files = (
				290085C42C10C58E0097AC14 /* FlapDisplay in Frameworks */,
			);
			runOnlyForDeploymentPostprocessing = 0;
		};
		2BED6FED2C1A945A00878EAE /* Frameworks */ = {
			isa = PBXFrameworksBuildPhase;
			buildActionMask = 2147483647;
			files = (
			);
			runOnlyForDeploymentPostprocessing = 0;
		};
/* End PBXFrameworksBuildPhase section */

/* Begin PBXGroup section */
		290085B92C10BD770097AC14 /* Modules */ = {
			isa = PBXGroup;
			children = (
				290085C22C10C5870097AC14 /* FlapDisplay */,
			);
			path = Modules;
			sourceTree = "<group>";
		};
		290085BF2C10BE540097AC14 /* Frameworks */ = {
			isa = PBXGroup;
			children = (
			);
			name = Frameworks;
			sourceTree = "<group>";
		};
		291373F52BF90A6300490279 = {
			isa = PBXGroup;
			children = (
				291374002BF90A6300490279 /* FlipClock */,
				2BED6FF12C1A945A00878EAE /* Screen Saver */,
				290085B92C10BD770097AC14 /* Modules */,
				291373FF2BF90A6300490279 /* Products */,
				290085BF2C10BE540097AC14 /* Frameworks */,
			);
			sourceTree = "<group>";
		};
		291373FF2BF90A6300490279 /* Products */ = {
			isa = PBXGroup;
			children = (
				291373FE2BF90A6300490279 /* Flippy.app */,
				2BED6FF02C1A945A00878EAE /* Flippy.saver */,
			);
			name = Products;
			sourceTree = "<group>";
		};
		291374002BF90A6300490279 /* FlipClock */ = {
			isa = PBXGroup;
			children = (
				291374012BF90A6300490279 /* FlipClockApp.swift */,
				291374032BF90A6300490279 /* ContentView.swift */,
				2993471B2C14CBD00014F22A /* Views */,
				291374052BF90A6400490279 /* Assets.xcassets */,
				291374072BF90A6400490279 /* FlipClock.entitlements */,
				291374082BF90A6400490279 /* Preview Content */,
			);
			path = FlipClock;
			sourceTree = "<group>";
		};
		291374082BF90A6400490279 /* Preview Content */ = {
			isa = PBXGroup;
			children = (
				291374092BF90A6400490279 /* Preview Assets.xcassets */,
			);
			path = "Preview Content";
			sourceTree = "<group>";
		};
		2993471B2C14CBD00014F22A /* Views */ = {
			isa = PBXGroup;
			children = (
				299347222C159E090014F22A /* ClockView.swift */,
			);
			path = Views;
			sourceTree = "<group>";
		};
		2BED6FF12C1A945A00878EAE /* Screen Saver */ = {
			isa = PBXGroup;
			children = (
				2BED6FF22C1A945A00878EAE /* Screen_SaverView.h */,
				2BED6FF42C1A945A00878EAE /* Screen_SaverView.m */,
			);
			path = "Screen Saver";
			sourceTree = "<group>";
		};
/* End PBXGroup section */

/* Begin PBXHeadersBuildPhase section */
		2BED6FEB2C1A945A00878EAE /* Headers */ = {
			isa = PBXHeadersBuildPhase;
			buildActionMask = 2147483647;
			files = (
				2BED6FF32C1A945A00878EAE /* Screen_SaverView.h in Headers */,
			);
			runOnlyForDeploymentPostprocessing = 0;
		};
/* End PBXHeadersBuildPhase section */

/* Begin PBXNativeTarget section */
		291373FD2BF90A6300490279 /* Flippy */ = {
			isa = PBXNativeTarget;
			buildConfigurationList = 291374232BF90A6400490279 /* Build configuration list for PBXNativeTarget "Flippy" */;
			buildPhases = (
				291373FA2BF90A6300490279 /* Sources */,
				291373FB2BF90A6300490279 /* Frameworks */,
				291373FC2BF90A6300490279 /* Resources */,
			);
			buildRules = (
			);
			dependencies = (
			);
			name = Flippy;
			packageProductDependencies = (
				290085C32C10C58E0097AC14 /* FlapDisplay */,
			);
			productName = FlipClock;
			productReference = 291373FE2BF90A6300490279 /* Flippy.app */;
			productType = "com.apple.product-type.application";
		};
		2BED6FEF2C1A945A00878EAE /* Screen Saver */ = {
			isa = PBXNativeTarget;
			buildConfigurationList = 2BED6FF82C1A945A00878EAE /* Build configuration list for PBXNativeTarget "Screen Saver" */;
			buildPhases = (
				2BED6FEB2C1A945A00878EAE /* Headers */,
				2BED6FEC2C1A945A00878EAE /* Sources */,
				2BED6FED2C1A945A00878EAE /* Frameworks */,
				2BED6FEE2C1A945A00878EAE /* Resources */,
			);
			buildRules = (
			);
			dependencies = (
			);
			name = "Screen Saver";
			productName = "Screen Saver";
			productReference = 2BED6FF02C1A945A00878EAE /* Flippy.saver */;
			productType = "com.apple.product-type.bundle";
		};
/* End PBXNativeTarget section */

/* Begin PBXProject section */
		291373F62BF90A6300490279 /* Project object */ = {
			isa = PBXProject;
			attributes = {
				BuildIndependentTargetsInParallel = 1;
				LastSwiftUpdateCheck = 1540;
				LastUpgradeCheck = 1540;
				TargetAttributes = {
					291373FD2BF90A6300490279 = {
						CreatedOnToolsVersion = 15.4;
					};
					2BED6FEF2C1A945A00878EAE = {
						CreatedOnToolsVersion = 15.4;
					};
				};
			};
			buildConfigurationList = 291373F92BF90A6300490279 /* Build configuration list for PBXProject "FlipClock" */;
			compatibilityVersion = "Xcode 14.0";
			developmentRegion = en;
			hasScannedForEncodings = 0;
			knownRegions = (
				en,
				Base,
			);
			mainGroup = 291373F52BF90A6300490279;
			productRefGroup = 291373FF2BF90A6300490279 /* Products */;
			projectDirPath = "";
			projectRoot = "";
			targets = (
				291373FD2BF90A6300490279 /* Flippy */,
				2BED6FEF2C1A945A00878EAE /* Screen Saver */,
			);
		};
/* End PBXProject section */

/* Begin PBXResourcesBuildPhase section */
		291373FC2BF90A6300490279 /* Resources */ = {
			isa = PBXResourcesBuildPhase;
			buildActionMask = 2147483647;
			files = (
				2913740A2BF90A6400490279 /* Preview Assets.xcassets in Resources */,
				291374062BF90A6400490279 /* Assets.xcassets in Resources */,
			);
			runOnlyForDeploymentPostprocessing = 0;
		};
		2BED6FEE2C1A945A00878EAE /* Resources */ = {
			isa = PBXResourcesBuildPhase;
			buildActionMask = 2147483647;
			files = (
			);
			runOnlyForDeploymentPostprocessing = 0;
		};
/* End PBXResourcesBuildPhase section */

/* Begin PBXSourcesBuildPhase section */
		291373FA2BF90A6300490279 /* Sources */ = {
			isa = PBXSourcesBuildPhase;
			buildActionMask = 2147483647;
			files = (
				299347232C159E090014F22A /* ClockView.swift in Sources */,
				291374042BF90A6300490279 /* ContentView.swift in Sources */,
				291374022BF90A6300490279 /* FlipClockApp.swift in Sources */,
			);
			runOnlyForDeploymentPostprocessing = 0;
		};
		2BED6FEC2C1A945A00878EAE /* Sources */ = {
			isa = PBXSourcesBuildPhase;
			buildActionMask = 2147483647;
			files = (
				2BED6FF52C1A945A00878EAE /* Screen_SaverView.m in Sources */,
			);
			runOnlyForDeploymentPostprocessing = 0;
		};
/* End PBXSourcesBuildPhase section */

/* Begin XCBuildConfiguration section */
		291374212BF90A6400490279 /* Debug */ = {
			isa = XCBuildConfiguration;
			buildSettings = {
				ALWAYS_SEARCH_USER_PATHS = NO;
				ASSETCATALOG_COMPILER_GENERATE_SWIFT_ASSET_SYMBOL_EXTENSIONS = YES;
				CLANG_ANALYZER_NONNULL = YES;
				CLANG_ANALYZER_NUMBER_OBJECT_CONVERSION = YES_AGGRESSIVE;
				CLANG_CXX_LANGUAGE_STANDARD = "gnu++20";
				CLANG_ENABLE_MODULES = YES;
				CLANG_ENABLE_OBJC_ARC = YES;
				CLANG_ENABLE_OBJC_WEAK = YES;
				CLANG_WARN_BLOCK_CAPTURE_AUTORELEASING = YES;
				CLANG_WARN_BOOL_CONVERSION = YES;
				CLANG_WARN_COMMA = YES;
				CLANG_WARN_CONSTANT_CONVERSION = YES;
				CLANG_WARN_DEPRECATED_OBJC_IMPLEMENTATIONS = YES;
				CLANG_WARN_DIRECT_OBJC_ISA_USAGE = YES_ERROR;
				CLANG_WARN_DOCUMENTATION_COMMENTS = YES;
				CLANG_WARN_EMPTY_BODY = YES;
				CLANG_WARN_ENUM_CONVERSION = YES;
				CLANG_WARN_INFINITE_RECURSION = YES;
				CLANG_WARN_INT_CONVERSION = YES;
				CLANG_WARN_NON_LITERAL_NULL_CONVERSION = YES;
				CLANG_WARN_OBJC_IMPLICIT_RETAIN_SELF = YES;
				CLANG_WARN_OBJC_LITERAL_CONVERSION = YES;
				CLANG_WARN_OBJC_ROOT_CLASS = YES_ERROR;
				CLANG_WARN_QUOTED_INCLUDE_IN_FRAMEWORK_HEADER = YES;
				CLANG_WARN_RANGE_LOOP_ANALYSIS = YES;
				CLANG_WARN_STRICT_PROTOTYPES = YES;
				CLANG_WARN_SUSPICIOUS_MOVE = YES;
				CLANG_WARN_UNGUARDED_AVAILABILITY = YES_AGGRESSIVE;
				CLANG_WARN_UNREACHABLE_CODE = YES;
				CLANG_WARN__DUPLICATE_METHOD_MATCH = YES;
				COPY_PHASE_STRIP = NO;
				DEBUG_INFORMATION_FORMAT = dwarf;
				ENABLE_STRICT_OBJC_MSGSEND = YES;
				ENABLE_TESTABILITY = YES;
				ENABLE_USER_SCRIPT_SANDBOXING = YES;
				GCC_C_LANGUAGE_STANDARD = gnu17;
				GCC_DYNAMIC_NO_PIC = NO;
				GCC_NO_COMMON_BLOCKS = YES;
				GCC_OPTIMIZATION_LEVEL = 0;
				GCC_PREPROCESSOR_DEFINITIONS = (
					"DEBUG=1",
					"$(inherited)",
				);
				GCC_WARN_64_TO_32_BIT_CONVERSION = YES;
				GCC_WARN_ABOUT_RETURN_TYPE = YES_ERROR;
				GCC_WARN_UNDECLARED_SELECTOR = YES;
				GCC_WARN_UNINITIALIZED_AUTOS = YES_AGGRESSIVE;
				GCC_WARN_UNUSED_FUNCTION = YES;
				GCC_WARN_UNUSED_VARIABLE = YES;
				LOCALIZATION_PREFERS_STRING_CATALOGS = YES;
				MTL_ENABLE_DEBUG_INFO = INCLUDE_SOURCE;
				MTL_FAST_MATH = YES;
				ONLY_ACTIVE_ARCH = YES;
				SWIFT_ACTIVE_COMPILATION_CONDITIONS = "DEBUG $(inherited)";
				SWIFT_OPTIMIZATION_LEVEL = "-Onone";
			};
			name = Debug;
		};
		291374222BF90A6400490279 /* Release */ = {
			isa = XCBuildConfiguration;
			buildSettings = {
				ALWAYS_SEARCH_USER_PATHS = NO;
				ASSETCATALOG_COMPILER_GENERATE_SWIFT_ASSET_SYMBOL_EXTENSIONS = YES;
				CLANG_ANALYZER_NONNULL = YES;
				CLANG_ANALYZER_NUMBER_OBJECT_CONVERSION = YES_AGGRESSIVE;
				CLANG_CXX_LANGUAGE_STANDARD = "gnu++20";
				CLANG_ENABLE_MODULES = YES;
				CLANG_ENABLE_OBJC_ARC = YES;
				CLANG_ENABLE_OBJC_WEAK = YES;
				CLANG_WARN_BLOCK_CAPTURE_AUTORELEASING = YES;
				CLANG_WARN_BOOL_CONVERSION = YES;
				CLANG_WARN_COMMA = YES;
				CLANG_WARN_CONSTANT_CONVERSION = YES;
				CLANG_WARN_DEPRECATED_OBJC_IMPLEMENTATIONS = YES;
				CLANG_WARN_DIRECT_OBJC_ISA_USAGE = YES_ERROR;
				CLANG_WARN_DOCUMENTATION_COMMENTS = YES;
				CLANG_WARN_EMPTY_BODY = YES;
				CLANG_WARN_ENUM_CONVERSION = YES;
				CLANG_WARN_INFINITE_RECURSION = YES;
				CLANG_WARN_INT_CONVERSION = YES;
				CLANG_WARN_NON_LITERAL_NULL_CONVERSION = YES;
				CLANG_WARN_OBJC_IMPLICIT_RETAIN_SELF = YES;
				CLANG_WARN_OBJC_LITERAL_CONVERSION = YES;
				CLANG_WARN_OBJC_ROOT_CLASS = YES_ERROR;
				CLANG_WARN_QUOTED_INCLUDE_IN_FRAMEWORK_HEADER = YES;
				CLANG_WARN_RANGE_LOOP_ANALYSIS = YES;
				CLANG_WARN_STRICT_PROTOTYPES = YES;
				CLANG_WARN_SUSPICIOUS_MOVE = YES;
				CLANG_WARN_UNGUARDED_AVAILABILITY = YES_AGGRESSIVE;
				CLANG_WARN_UNREACHABLE_CODE = YES;
				CLANG_WARN__DUPLICATE_METHOD_MATCH = YES;
				COPY_PHASE_STRIP = NO;
				DEBUG_INFORMATION_FORMAT = "dwarf-with-dsym";
				ENABLE_NS_ASSERTIONS = NO;
				ENABLE_STRICT_OBJC_MSGSEND = YES;
				ENABLE_USER_SCRIPT_SANDBOXING = YES;
				GCC_C_LANGUAGE_STANDARD = gnu17;
				GCC_NO_COMMON_BLOCKS = YES;
				GCC_WARN_64_TO_32_BIT_CONVERSION = YES;
				GCC_WARN_ABOUT_RETURN_TYPE = YES_ERROR;
				GCC_WARN_UNDECLARED_SELECTOR = YES;
				GCC_WARN_UNINITIALIZED_AUTOS = YES_AGGRESSIVE;
				GCC_WARN_UNUSED_FUNCTION = YES;
				GCC_WARN_UNUSED_VARIABLE = YES;
				LOCALIZATION_PREFERS_STRING_CATALOGS = YES;
				MTL_ENABLE_DEBUG_INFO = NO;
				MTL_FAST_MATH = YES;
				SWIFT_COMPILATION_MODE = wholemodule;
			};
			name = Release;
		};
		291374242BF90A6400490279 /* Debug */ = {
			isa = XCBuildConfiguration;
			buildSettings = {
				ASSETCATALOG_COMPILER_APPICON_NAME = AppIcon;
				ASSETCATALOG_COMPILER_GLOBAL_ACCENT_COLOR_NAME = AccentColor;
				CODE_SIGN_ENTITLEMENTS = FlipClock/FlipClock.entitlements;
				CODE_SIGN_STYLE = Automatic;
				CURRENT_PROJECT_VERSION = 1;
				DEVELOPMENT_ASSET_PATHS = "\"FlipClock/Preview Content\"";
				DEVELOPMENT_TEAM = 8TA5C5ASM9;
				ENABLE_HARDENED_RUNTIME = YES;
				ENABLE_PREVIEWS = YES;
				GENERATE_INFOPLIST_FILE = YES;
				INFOPLIST_KEY_LSApplicationCategoryType = "public.app-category.utilities";
				"INFOPLIST_KEY_UIApplicationSceneManifest_Generation[sdk=iphoneos*]" = YES;
				"INFOPLIST_KEY_UIApplicationSceneManifest_Generation[sdk=iphonesimulator*]" = YES;
				"INFOPLIST_KEY_UIApplicationSupportsIndirectInputEvents[sdk=iphoneos*]" = YES;
				"INFOPLIST_KEY_UIApplicationSupportsIndirectInputEvents[sdk=iphonesimulator*]" = YES;
				"INFOPLIST_KEY_UILaunchScreen_Generation[sdk=iphoneos*]" = YES;
				"INFOPLIST_KEY_UILaunchScreen_Generation[sdk=iphonesimulator*]" = YES;
				"INFOPLIST_KEY_UIStatusBarStyle[sdk=iphoneos*]" = UIStatusBarStyleDefault;
				"INFOPLIST_KEY_UIStatusBarStyle[sdk=iphonesimulator*]" = UIStatusBarStyleDefault;
				INFOPLIST_KEY_UISupportedInterfaceOrientations = "UIInterfaceOrientationLandscapeLeft UIInterfaceOrientationLandscapeRight";
				INFOPLIST_KEY_UISupportedInterfaceOrientations_iPad = "UIInterfaceOrientationLandscapeLeft UIInterfaceOrientationLandscapeRight UIInterfaceOrientationPortrait UIInterfaceOrientationPortraitUpsideDown";
				IPHONEOS_DEPLOYMENT_TARGET = 17.5;
				LD_RUNPATH_SEARCH_PATHS = "@executable_path/Frameworks";
				"LD_RUNPATH_SEARCH_PATHS[sdk=macosx*]" = "@executable_path/../Frameworks";
				MACOSX_DEPLOYMENT_TARGET = 14.5;
				MARKETING_VERSION = 0.1.0;
				PRODUCT_BUNDLE_IDENTIFIER = me.jiaxin.Flippy;
				PRODUCT_NAME = "$(TARGET_NAME)";
				SDKROOT = auto;
				SUPPORTED_PLATFORMS = "iphoneos iphonesimulator macosx";
				SWIFT_EMIT_LOC_STRINGS = YES;
				SWIFT_VERSION = 5.0;
				TARGETED_DEVICE_FAMILY = "1,2";
			};
			name = Debug;
		};
		291374252BF90A6400490279 /* Release */ = {
			isa = XCBuildConfiguration;
			buildSettings = {
				ASSETCATALOG_COMPILER_APPICON_NAME = AppIcon;
				ASSETCATALOG_COMPILER_GLOBAL_ACCENT_COLOR_NAME = AccentColor;
				CODE_SIGN_ENTITLEMENTS = FlipClock/FlipClock.entitlements;
				CODE_SIGN_STYLE = Automatic;
				CURRENT_PROJECT_VERSION = 1;
				DEVELOPMENT_ASSET_PATHS = "\"FlipClock/Preview Content\"";
				DEVELOPMENT_TEAM = 8TA5C5ASM9;
				ENABLE_HARDENED_RUNTIME = YES;
				ENABLE_PREVIEWS = YES;
				GENERATE_INFOPLIST_FILE = YES;
				INFOPLIST_KEY_LSApplicationCategoryType = "public.app-category.utilities";
				"INFOPLIST_KEY_UIApplicationSceneManifest_Generation[sdk=iphoneos*]" = YES;
				"INFOPLIST_KEY_UIApplicationSceneManifest_Generation[sdk=iphonesimulator*]" = YES;
				"INFOPLIST_KEY_UIApplicationSupportsIndirectInputEvents[sdk=iphoneos*]" = YES;
				"INFOPLIST_KEY_UIApplicationSupportsIndirectInputEvents[sdk=iphonesimulator*]" = YES;
				"INFOPLIST_KEY_UILaunchScreen_Generation[sdk=iphoneos*]" = YES;
				"INFOPLIST_KEY_UILaunchScreen_Generation[sdk=iphonesimulator*]" = YES;
				"INFOPLIST_KEY_UIStatusBarStyle[sdk=iphoneos*]" = UIStatusBarStyleDefault;
				"INFOPLIST_KEY_UIStatusBarStyle[sdk=iphonesimulator*]" = UIStatusBarStyleDefault;
				INFOPLIST_KEY_UISupportedInterfaceOrientations = "UIInterfaceOrientationLandscapeLeft UIInterfaceOrientationLandscapeRight";
				INFOPLIST_KEY_UISupportedInterfaceOrientations_iPad = "UIInterfaceOrientationLandscapeLeft UIInterfaceOrientationLandscapeRight UIInterfaceOrientationPortrait UIInterfaceOrientationPortraitUpsideDown";
				IPHONEOS_DEPLOYMENT_TARGET = 17.5;
				LD_RUNPATH_SEARCH_PATHS = "@executable_path/Frameworks";
				"LD_RUNPATH_SEARCH_PATHS[sdk=macosx*]" = "@executable_path/../Frameworks";
				MACOSX_DEPLOYMENT_TARGET = 14.5;
				MARKETING_VERSION = 0.1.0;
				PRODUCT_BUNDLE_IDENTIFIER = me.jiaxin.Flippy;
				PRODUCT_NAME = "$(TARGET_NAME)";
				SDKROOT = auto;
				SUPPORTED_PLATFORMS = "iphoneos iphonesimulator macosx";
				SWIFT_EMIT_LOC_STRINGS = YES;
				SWIFT_VERSION = 5.0;
				TARGETED_DEVICE_FAMILY = "1,2";
			};
			name = Release;
		};
		2BED6FF62C1A945A00878EAE /* Debug */ = {
			isa = XCBuildConfiguration;
			buildSettings = {
				CODE_SIGN_STYLE = Automatic;
				COMBINE_HIDPI_IMAGES = YES;
				CURRENT_PROJECT_VERSION = 1;
				DEVELOPMENT_TEAM = 8TA5C5ASM9;
				GENERATE_INFOPLIST_FILE = YES;
				INFOPLIST_KEY_NSHumanReadableCopyright = "";
				INFOPLIST_KEY_NSPrincipalClass = Screen_SaverView;
				INSTALL_PATH = "$(HOME)/Library/Screen Savers";
				MACOSX_DEPLOYMENT_TARGET = 14.5;
				MARKETING_VERSION = 1.0;
				PRODUCT_BUNDLE_IDENTIFIER = me.jiaxin.Flippy.ScreenSaver;
				PRODUCT_NAME = Flippy;
				SDKROOT = macosx;
				SWIFT_EMIT_LOC_STRINGS = YES;
				WRAPPER_EXTENSION = saver;
			};
			name = Debug;
		};
		2BED6FF72C1A945A00878EAE /* Release */ = {
			isa = XCBuildConfiguration;
			buildSettings = {
				CODE_SIGN_STYLE = Automatic;
				COMBINE_HIDPI_IMAGES = YES;
				CURRENT_PROJECT_VERSION = 1;
				DEVELOPMENT_TEAM = 8TA5C5ASM9;
				GENERATE_INFOPLIST_FILE = YES;
				INFOPLIST_KEY_NSHumanReadableCopyright = "";
				INFOPLIST_KEY_NSPrincipalClass = Screen_SaverView;
				INSTALL_PATH = "$(HOME)/Library/Screen Savers";
				MACOSX_DEPLOYMENT_TARGET = 14.5;
				MARKETING_VERSION = 1.0;
				PRODUCT_BUNDLE_IDENTIFIER = me.jiaxin.Flippy.ScreenSaver;
				PRODUCT_NAME = Flippy;
				SDKROOT = macosx;
				SWIFT_EMIT_LOC_STRINGS = YES;
				WRAPPER_EXTENSION = saver;
			};
			name = Release;
		};
/* End XCBuildConfiguration section */

/* Begin XCConfigurationList section */
		291373F92BF90A6300490279 /* Build configuration list for PBXProject "FlipClock" */ = {
			isa = XCConfigurationList;
			buildConfigurations = (
				291374212BF90A6400490279 /* Debug */,
				291374222BF90A6400490279 /* Release */,
			);
			defaultConfigurationIsVisible = 0;
			defaultConfigurationName = Release;
		};
		291374232BF90A6400490279 /* Build configuration list for PBXNativeTarget "Flippy" */ = {
			isa = XCConfigurationList;
			buildConfigurations = (
				291374242BF90A6400490279 /* Debug */,
				291374252BF90A6400490279 /* Release */,
			);
			defaultConfigurationIsVisible = 0;
			defaultConfigurationName = Release;
		};
		2BED6FF82C1A945A00878EAE /* Build configuration list for PBXNativeTarget "Screen Saver" */ = {
			isa = XCConfigurationList;
			buildConfigurations = (
				2BED6FF62C1A945A00878EAE /* Debug */,
				2BED6FF72C1A945A00878EAE /* Release */,
			);
			defaultConfigurationIsVisible = 0;
			defaultConfigurationName = Release;
		};
/* End XCConfigurationList section */

/* Begin XCSwiftPackageProductDependency section */
		290085C32C10C58E0097AC14 /* FlapDisplay */ = {
			isa = XCSwiftPackageProductDependency;
			productName = FlapDisplay;
		};
/* End XCSwiftPackageProductDependency section */
	};
	rootObject = 291373F62BF90A6300490279 /* Project object */;
}
